{
    "_meta": {
        "hash": {
            "sha256": "d6ceac0874d2157c508ec1f89fd799e205af2bface847dea4d927410f12f9727"
        },
        "pipfile-spec": 6,
        "requires": {
            "python_version": "3.8"
        },
        "sources": [
            {
                "name": "pypi",
                "url": "https://pypi.org/simple",
                "verify_ssl": true
            }
        ]
    },
    "default": {
        "psutil": {
            "hashes": [
                "sha256:094f899ac3ef72422b7e00411b4ed174e3c5a2e04c267db6643937ddba67a05b",
                "sha256:10b7f75cc8bd676cfc6fa40cd7d5c25b3f45a0e06d43becd7c2d2871cbb5e806",
                "sha256:1b1575240ca9a90b437e5a40db662acd87bbf181f6aa02f0204978737b913c6b",
                "sha256:21231ef1c1a89728e29b98a885b8e0a8e00d09018f6da5cdc1f43f988471a995",
                "sha256:28f771129bfee9fc6b63d83a15d857663bbdcae3828e1cb926e91320a9b5b5cd",
                "sha256:70387772f84fa5c3bb6a106915a2445e20ac8f9821c5914d7cbde148f4d7ff73",
                "sha256:b560f5cd86cf8df7bcd258a851ca1ad98f0d5b8b98748e877a0aec4e9032b465",
                "sha256:b74b43fecce384a57094a83d2778cdfc2e2d9a6afaadd1ebecb2e75e0d34e10d",
                "sha256:e85f727ffb21539849e6012f47b12f6dd4c44965e56591d8dec6e8bc9ab96f4a",
                "sha256:fd2e09bb593ad9bdd7429e779699d2d47c1268cbde4dda95fcd1bd17544a0217",
                "sha256:ffad8eb2ac614518bbe3c0b8eb9dffdb3a8d2e3a7d5da51c5b974fb723a5c5aa"
            ],
            "index": "pypi",
            "version": "==5.6.7"
        },
        "windows-curses": {
            "hashes": [
                "sha256:261fde5680d1ce4ce116908996b9a3cfb0ffb03ea68d42240f62b56a9fa6af2c",
                "sha256:66034dc9a705d87308cc9ea90836f4ee60008a1d5e2c1d34ace627f60268158b",
                "sha256:669caad3ae16faf2d201d7ab3b8af418a2fd074d8a39d60ca26f3acb34b6afe5",
                "sha256:73bd3eebccfda55330783f165151de115bfa238d1332f0b2e224b550d6187840",
                "sha256:89a6d973f88cfe49b41ea80164dcbec209d296e0cec34a02002578b0bf464a64",
                "sha256:8ba7c000d7ffa5452bbd0966b96e69261e4f117ebe510aeb8771a9650197b7f0",
                "sha256:97084c6b37b1534f6a28a514d521dfae402f77dcbad42b14ee32e8d5bdc13648",
                "sha256:9e474a181f96d60429a4766145628264e60b72e7715876f9135aeb2e842f9433",
                "sha256:cfe64c30807c146ef8d094412f90f2a2c81ad6aefff3ebfe8e37aabe2f801303",
                "sha256:ff8c67f74b88944d99fa9d22971c05c335bc74f149120f0a69340c2c3a595497"
            ],
            "index": "pypi",
            "markers": "sys_platform == 'win32'",
            "version": "==2.1.0"
        }
    },
    "develop": {}
}
